// !$*UTF8*$!
{
	archiveVersion = 1;
	classes = {
	};
	objectVersion = 56;
	objects = {

/* Begin PBXBuildFile section */
		23F8B3D94F768779AA800BFA /* Pods_MovieDB_MovieDBUITests.framework in Frameworks */ = {isa = PBXBuildFile; fileRef = A107C8285ACCE70D8ABAF42E /* Pods_MovieDB_MovieDBUITests.framework */; };
		4749E79C9B97070E0DDB40BF /* Pods_MovieDBTests.framework in Frameworks */ = {isa = PBXBuildFile; fileRef = E5A40991CB3F31C94C1E1A58 /* Pods_MovieDBTests.framework */; };
		6B0B44BE8FFC445EF898C755 /* Pods_MovieDB.framework in Frameworks */ = {isa = PBXBuildFile; fileRef = C5A02357D4F04EA3C4EFB6CB /* Pods_MovieDB.framework */; };
		764B13FC29AA689C00A349FA /* AppDelegate.swift in Sources */ = {isa = PBXBuildFile; fileRef = 764B13FB29AA689C00A349FA /* AppDelegate.swift */; };
		764B13FE29AA689C00A349FA /* SceneDelegate.swift in Sources */ = {isa = PBXBuildFile; fileRef = 764B13FD29AA689C00A349FA /* SceneDelegate.swift */; };
		764B140529AA689D00A349FA /* Assets.xcassets in Resources */ = {isa = PBXBuildFile; fileRef = 764B140429AA689D00A349FA /* Assets.xcassets */; };
		764B140829AA689D00A349FA /* LaunchScreen.storyboard in Resources */ = {isa = PBXBuildFile; fileRef = 764B140629AA689D00A349FA /* LaunchScreen.storyboard */; };
		764B141329AA689E00A349FA /* MovieDBTests.swift in Sources */ = {isa = PBXBuildFile; fileRef = 764B141229AA689E00A349FA /* MovieDBTests.swift */; };
		764B141D29AA689E00A349FA /* MovieDBUITests.swift in Sources */ = {isa = PBXBuildFile; fileRef = 764B141C29AA689E00A349FA /* MovieDBUITests.swift */; };
		764B141F29AA689E00A349FA /* MovieDBUITestsLaunchTests.swift in Sources */ = {isa = PBXBuildFile; fileRef = 764B141E29AA689E00A349FA /* MovieDBUITestsLaunchTests.swift */; };
		7683894C29AB831E00D308CA /* MovieListViewController.swift in Sources */ = {isa = PBXBuildFile; fileRef = 7683894B29AB831E00D308CA /* MovieListViewController.swift */; };
		7683894E29AB832600D308CA /* MovieListViewModel.swift in Sources */ = {isa = PBXBuildFile; fileRef = 7683894D29AB832600D308CA /* MovieListViewModel.swift */; };
		7683895029AB839C00D308CA /* MovieDetailViewController.swift in Sources */ = {isa = PBXBuildFile; fileRef = 7683894F29AB839C00D308CA /* MovieDetailViewController.swift */; };
		7683895229AB83EA00D308CA /* MovieDetailViewModel.swift in Sources */ = {isa = PBXBuildFile; fileRef = 7683895129AB83EA00D308CA /* MovieDetailViewModel.swift */; };
		7683895429AB845D00D308CA /* MovieList.swift in Sources */ = {isa = PBXBuildFile; fileRef = 7683895329AB845D00D308CA /* MovieList.swift */; };
		7683895A29AB861600D308CA /* ErrorCase.swift in Sources */ = {isa = PBXBuildFile; fileRef = 7683895929AB861600D308CA /* ErrorCase.swift */; };
		7683895C29AB8DA900D308CA /* MovieProvider.swift in Sources */ = {isa = PBXBuildFile; fileRef = 7683895B29AB8DA900D308CA /* MovieProvider.swift */; };
		7683895E29AB8E9C00D308CA /* Genre.swift in Sources */ = {isa = PBXBuildFile; fileRef = 7683895D29AB8E9C00D308CA /* Genre.swift */; };
		7683896029AB8FB300D308CA /* Movie.swift in Sources */ = {isa = PBXBuildFile; fileRef = 7683895F29AB8FB300D308CA /* Movie.swift */; };
		7683896229AB8FC500D308CA /* SpokenLanguage.swift in Sources */ = {isa = PBXBuildFile; fileRef = 7683896129AB8FC500D308CA /* SpokenLanguage.swift */; };
		7683896429AB8FD800D308CA /* ProductionCompany.swift in Sources */ = {isa = PBXBuildFile; fileRef = 7683896329AB8FD800D308CA /* ProductionCompany.swift */; };
		7683896629AB8FF200D308CA /* ProductionCountry.swift in Sources */ = {isa = PBXBuildFile; fileRef = 7683896529AB8FF200D308CA /* ProductionCountry.swift */; };
		7683896829AB918D00D308CA /* MovieService.swift in Sources */ = {isa = PBXBuildFile; fileRef = 7683896729AB918D00D308CA /* MovieService.swift */; };
		7683896A29AB928E00D308CA /* MovieReviews.swift in Sources */ = {isa = PBXBuildFile; fileRef = 7683896929AB928E00D308CA /* MovieReviews.swift */; };
		7683896C29AB929E00D308CA /* MovieResult.swift in Sources */ = {isa = PBXBuildFile; fileRef = 7683896B29AB929E00D308CA /* MovieResult.swift */; };
		7683896E29AB92B500D308CA /* AuthorDetails.swift in Sources */ = {isa = PBXBuildFile; fileRef = 7683896D29AB92B500D308CA /* AuthorDetails.swift */; };
		7683897029AB941B00D308CA /* ListResult.swift in Sources */ = {isa = PBXBuildFile; fileRef = 7683896F29AB941B00D308CA /* ListResult.swift */; };
		7683897229ABA7FC00D308CA /* MovieListCell.swift in Sources */ = {isa = PBXBuildFile; fileRef = 7683897129ABA7FC00D308CA /* MovieListCell.swift */; };
		7683897429ABD72400D308CA /* ReviewCell.swift in Sources */ = {isa = PBXBuildFile; fileRef = 7683897329ABD72400D308CA /* ReviewCell.swift */; };
		7683897629ABECE000D308CA /* MovieVideos.swift in Sources */ = {isa = PBXBuildFile; fileRef = 7683897529ABECE000D308CA /* MovieVideos.swift */; };
		7683897829ABECEF00D308CA /* VideoResult.swift in Sources */ = {isa = PBXBuildFile; fileRef = 7683897729ABECEF00D308CA /* VideoResult.swift */; };
/* End PBXBuildFile section */

/* Begin PBXContainerItemProxy section */
		764B140F29AA689E00A349FA /* PBXContainerItemProxy */ = {
			isa = PBXContainerItemProxy;
			containerPortal = 764B13F029AA689C00A349FA /* Project object */;
			proxyType = 1;
			remoteGlobalIDString = 764B13F729AA689C00A349FA;
			remoteInfo = MovieDB;
		};
		764B141929AA689E00A349FA /* PBXContainerItemProxy */ = {
			isa = PBXContainerItemProxy;
			containerPortal = 764B13F029AA689C00A349FA /* Project object */;
			proxyType = 1;
			remoteGlobalIDString = 764B13F729AA689C00A349FA;
			remoteInfo = MovieDB;
		};
/* End PBXContainerItemProxy section */

/* Begin PBXFileReference section */
		46583DC3D322A09DA4EEF1AA /* Pods-MovieDB-MovieDBUITests.release.xcconfig */ = {isa = PBXFileReference; includeInIndex = 1; lastKnownFileType = text.xcconfig; name = "Pods-MovieDB-MovieDBUITests.release.xcconfig"; path = "Target Support Files/Pods-MovieDB-MovieDBUITests/Pods-MovieDB-MovieDBUITests.release.xcconfig"; sourceTree = "<group>"; };
		764B13F829AA689C00A349FA /* MovieDB.app */ = {isa = PBXFileReference; explicitFileType = wrapper.application; includeInIndex = 0; path = MovieDB.app; sourceTree = BUILT_PRODUCTS_DIR; };
		764B13FB29AA689C00A349FA /* AppDelegate.swift */ = {isa = PBXFileReference; lastKnownFileType = sourcecode.swift; path = AppDelegate.swift; sourceTree = "<group>"; };
		764B13FD29AA689C00A349FA /* SceneDelegate.swift */ = {isa = PBXFileReference; lastKnownFileType = sourcecode.swift; path = SceneDelegate.swift; sourceTree = "<group>"; };
		764B140429AA689D00A349FA /* Assets.xcassets */ = {isa = PBXFileReference; lastKnownFileType = folder.assetcatalog; path = Assets.xcassets; sourceTree = "<group>"; };
		764B140729AA689D00A349FA /* Base */ = {isa = PBXFileReference; lastKnownFileType = file.storyboard; name = Base; path = Base.lproj/LaunchScreen.storyboard; sourceTree = "<group>"; };
		764B140929AA689D00A349FA /* Info.plist */ = {isa = PBXFileReference; lastKnownFileType = text.plist.xml; path = Info.plist; sourceTree = "<group>"; };
		764B140E29AA689E00A349FA /* MovieDBTests.xctest */ = {isa = PBXFileReference; explicitFileType = wrapper.cfbundle; includeInIndex = 0; path = MovieDBTests.xctest; sourceTree = BUILT_PRODUCTS_DIR; };
		764B141229AA689E00A349FA /* MovieDBTests.swift */ = {isa = PBXFileReference; lastKnownFileType = sourcecode.swift; path = MovieDBTests.swift; sourceTree = "<group>"; };
		764B141829AA689E00A349FA /* MovieDBUITests.xctest */ = {isa = PBXFileReference; explicitFileType = wrapper.cfbundle; includeInIndex = 0; path = MovieDBUITests.xctest; sourceTree = BUILT_PRODUCTS_DIR; };
		764B141C29AA689E00A349FA /* MovieDBUITests.swift */ = {isa = PBXFileReference; lastKnownFileType = sourcecode.swift; path = MovieDBUITests.swift; sourceTree = "<group>"; };
		764B141E29AA689E00A349FA /* MovieDBUITestsLaunchTests.swift */ = {isa = PBXFileReference; lastKnownFileType = sourcecode.swift; path = MovieDBUITestsLaunchTests.swift; sourceTree = "<group>"; };
		7683894B29AB831E00D308CA /* MovieListViewController.swift */ = {isa = PBXFileReference; lastKnownFileType = sourcecode.swift; path = MovieListViewController.swift; sourceTree = "<group>"; };
		7683894D29AB832600D308CA /* MovieListViewModel.swift */ = {isa = PBXFileReference; lastKnownFileType = sourcecode.swift; path = MovieListViewModel.swift; sourceTree = "<group>"; };
		7683894F29AB839C00D308CA /* MovieDetailViewController.swift */ = {isa = PBXFileReference; lastKnownFileType = sourcecode.swift; path = MovieDetailViewController.swift; sourceTree = "<group>"; };
		7683895129AB83EA00D308CA /* MovieDetailViewModel.swift */ = {isa = PBXFileReference; lastKnownFileType = sourcecode.swift; path = MovieDetailViewModel.swift; sourceTree = "<group>"; };
		7683895329AB845D00D308CA /* MovieList.swift */ = {isa = PBXFileReference; lastKnownFileType = sourcecode.swift; path = MovieList.swift; sourceTree = "<group>"; };
		7683895929AB861600D308CA /* ErrorCase.swift */ = {isa = PBXFileReference; lastKnownFileType = sourcecode.swift; path = ErrorCase.swift; sourceTree = "<group>"; };
		7683895B29AB8DA900D308CA /* MovieProvider.swift */ = {isa = PBXFileReference; lastKnownFileType = sourcecode.swift; path = MovieProvider.swift; sourceTree = "<group>"; };
		7683895D29AB8E9C00D308CA /* Genre.swift */ = {isa = PBXFileReference; lastKnownFileType = sourcecode.swift; path = Genre.swift; sourceTree = "<group>"; };
		7683895F29AB8FB300D308CA /* Movie.swift */ = {isa = PBXFileReference; lastKnownFileType = sourcecode.swift; path = Movie.swift; sourceTree = "<group>"; };
		7683896129AB8FC500D308CA /* SpokenLanguage.swift */ = {isa = PBXFileReference; lastKnownFileType = sourcecode.swift; path = SpokenLanguage.swift; sourceTree = "<group>"; };
		7683896329AB8FD800D308CA /* ProductionCompany.swift */ = {isa = PBXFileReference; lastKnownFileType = sourcecode.swift; path = ProductionCompany.swift; sourceTree = "<group>"; };
		7683896529AB8FF200D308CA /* ProductionCountry.swift */ = {isa = PBXFileReference; lastKnownFileType = sourcecode.swift; path = ProductionCountry.swift; sourceTree = "<group>"; };
		7683896729AB918D00D308CA /* MovieService.swift */ = {isa = PBXFileReference; lastKnownFileType = sourcecode.swift; path = MovieService.swift; sourceTree = "<group>"; };
		7683896929AB928E00D308CA /* MovieReviews.swift */ = {isa = PBXFileReference; lastKnownFileType = sourcecode.swift; path = MovieReviews.swift; sourceTree = "<group>"; };
		7683896B29AB929E00D308CA /* MovieResult.swift */ = {isa = PBXFileReference; lastKnownFileType = sourcecode.swift; path = MovieResult.swift; sourceTree = "<group>"; };
		7683896D29AB92B500D308CA /* AuthorDetails.swift */ = {isa = PBXFileReference; lastKnownFileType = sourcecode.swift; path = AuthorDetails.swift; sourceTree = "<group>"; };
		7683896F29AB941B00D308CA /* ListResult.swift */ = {isa = PBXFileReference; lastKnownFileType = sourcecode.swift; path = ListResult.swift; sourceTree = "<group>"; };
		7683897129ABA7FC00D308CA /* MovieListCell.swift */ = {isa = PBXFileReference; lastKnownFileType = sourcecode.swift; path = MovieListCell.swift; sourceTree = "<group>"; };
		7683897329ABD72400D308CA /* ReviewCell.swift */ = {isa = PBXFileReference; lastKnownFileType = sourcecode.swift; path = ReviewCell.swift; sourceTree = "<group>"; };
		7683897529ABECE000D308CA /* MovieVideos.swift */ = {isa = PBXFileReference; lastKnownFileType = sourcecode.swift; path = MovieVideos.swift; sourceTree = "<group>"; };
		7683897729ABECEF00D308CA /* VideoResult.swift */ = {isa = PBXFileReference; lastKnownFileType = sourcecode.swift; path = VideoResult.swift; sourceTree = "<group>"; };
		841E01167DE51ABD28D09C0D /* Pods-MovieDBTests.debug.xcconfig */ = {isa = PBXFileReference; includeInIndex = 1; lastKnownFileType = text.xcconfig; name = "Pods-MovieDBTests.debug.xcconfig"; path = "Target Support Files/Pods-MovieDBTests/Pods-MovieDBTests.debug.xcconfig"; sourceTree = "<group>"; };
		8F57EB1DCB358CACA17AE619 /* Pods-MovieDBTests.release.xcconfig */ = {isa = PBXFileReference; includeInIndex = 1; lastKnownFileType = text.xcconfig; name = "Pods-MovieDBTests.release.xcconfig"; path = "Target Support Files/Pods-MovieDBTests/Pods-MovieDBTests.release.xcconfig"; sourceTree = "<group>"; };
		9BEB9D7FA0CD578F316001C6 /* Pods-MovieDB.release.xcconfig */ = {isa = PBXFileReference; includeInIndex = 1; lastKnownFileType = text.xcconfig; name = "Pods-MovieDB.release.xcconfig"; path = "Target Support Files/Pods-MovieDB/Pods-MovieDB.release.xcconfig"; sourceTree = "<group>"; };
		A107C8285ACCE70D8ABAF42E /* Pods_MovieDB_MovieDBUITests.framework */ = {isa = PBXFileReference; explicitFileType = wrapper.framework; includeInIndex = 0; path = Pods_MovieDB_MovieDBUITests.framework; sourceTree = BUILT_PRODUCTS_DIR; };
		BA1155EFB3614B3456D9D8E9 /* Pods-MovieDB.debug.xcconfig */ = {isa = PBXFileReference; includeInIndex = 1; lastKnownFileType = text.xcconfig; name = "Pods-MovieDB.debug.xcconfig"; path = "Target Support Files/Pods-MovieDB/Pods-MovieDB.debug.xcconfig"; sourceTree = "<group>"; };
		C5A02357D4F04EA3C4EFB6CB /* Pods_MovieDB.framework */ = {isa = PBXFileReference; explicitFileType = wrapper.framework; includeInIndex = 0; path = Pods_MovieDB.framework; sourceTree = BUILT_PRODUCTS_DIR; };
		E533DA49D1337D59AA42B281 /* Pods-MovieDB-MovieDBUITests.debug.xcconfig */ = {isa = PBXFileReference; includeInIndex = 1; lastKnownFileType = text.xcconfig; name = "Pods-MovieDB-MovieDBUITests.debug.xcconfig"; path = "Target Support Files/Pods-MovieDB-MovieDBUITests/Pods-MovieDB-MovieDBUITests.debug.xcconfig"; sourceTree = "<group>"; };
		E5A40991CB3F31C94C1E1A58 /* Pods_MovieDBTests.framework */ = {isa = PBXFileReference; explicitFileType = wrapper.framework; includeInIndex = 0; path = Pods_MovieDBTests.framework; sourceTree = BUILT_PRODUCTS_DIR; };
/* End PBXFileReference section */

/* Begin PBXFrameworksBuildPhase section */
		764B13F529AA689C00A349FA /* Frameworks */ = {
			isa = PBXFrameworksBuildPhase;
			buildActionMask = 2147483647;
			files = (
				6B0B44BE8FFC445EF898C755 /* Pods_MovieDB.framework in Frameworks */,
			);
			runOnlyForDeploymentPostprocessing = 0;
		};
		764B140B29AA689E00A349FA /* Frameworks */ = {
			isa = PBXFrameworksBuildPhase;
			buildActionMask = 2147483647;
			files = (
				4749E79C9B97070E0DDB40BF /* Pods_MovieDBTests.framework in Frameworks */,
			);
			runOnlyForDeploymentPostprocessing = 0;
		};
		764B141529AA689E00A349FA /* Frameworks */ = {
			isa = PBXFrameworksBuildPhase;
			buildActionMask = 2147483647;
			files = (
				23F8B3D94F768779AA800BFA /* Pods_MovieDB_MovieDBUITests.framework in Frameworks */,
			);
			runOnlyForDeploymentPostprocessing = 0;
		};
/* End PBXFrameworksBuildPhase section */

/* Begin PBXGroup section */
		764B13EF29AA689C00A349FA = {
			isa = PBXGroup;
			children = (
				764B13FA29AA689C00A349FA /* MovieDB */,
				764B141129AA689E00A349FA /* MovieDBTests */,
				764B141B29AA689E00A349FA /* MovieDBUITests */,
				764B13F929AA689C00A349FA /* Products */,
				E12DEA8DFC64C59410BD626F /* Pods */,
				DF138EC09E69B87A11199A13 /* Frameworks */,
			);
			sourceTree = "<group>";
		};
		764B13F929AA689C00A349FA /* Products */ = {
			isa = PBXGroup;
			children = (
				764B13F829AA689C00A349FA /* MovieDB.app */,
				764B140E29AA689E00A349FA /* MovieDBTests.xctest */,
				764B141829AA689E00A349FA /* MovieDBUITests.xctest */,
			);
			name = Products;
			sourceTree = "<group>";
		};
		764B13FA29AA689C00A349FA /* MovieDB */ = {
			isa = PBXGroup;
			children = (
				764B142D29AA81D000A349FA /* SupportingFiles */,
				764B142C29AA81C900A349FA /* Feature */,
				764B142B29AA81C400A349FA /* Core */,
				764B140929AA689D00A349FA /* Info.plist */,
			);
			path = MovieDB;
			sourceTree = "<group>";
		};
		764B141129AA689E00A349FA /* MovieDBTests */ = {
			isa = PBXGroup;
			children = (
				764B141229AA689E00A349FA /* MovieDBTests.swift */,
			);
			path = MovieDBTests;
			sourceTree = "<group>";
		};
		764B141B29AA689E00A349FA /* MovieDBUITests */ = {
			isa = PBXGroup;
			children = (
				764B141C29AA689E00A349FA /* MovieDBUITests.swift */,
				764B141E29AA689E00A349FA /* MovieDBUITestsLaunchTests.swift */,
			);
			path = MovieDBUITests;
			sourceTree = "<group>";
		};
		764B142B29AA81C400A349FA /* Core */ = {
			isa = PBXGroup;
			children = (
				764B13FB29AA689C00A349FA /* AppDelegate.swift */,
				764B13FD29AA689C00A349FA /* SceneDelegate.swift */,
				7683894829AB82A600D308CA /* Helper */,
				7683894629AB829000D308CA /* Model */,
				7683894729AB829F00D308CA /* Service */,
			);
			path = Core;
			sourceTree = "<group>";
		};
		764B142C29AA81C900A349FA /* Feature */ = {
			isa = PBXGroup;
			children = (
				7683894A29AB82DC00D308CA /* MovieDetail */,
				7683894929AB82D600D308CA /* MovieList */,
			);
			path = Feature;
			sourceTree = "<group>";
		};
		764B142D29AA81D000A349FA /* SupportingFiles */ = {
			isa = PBXGroup;
			children = (
				764B140429AA689D00A349FA /* Assets.xcassets */,
				764B140629AA689D00A349FA /* LaunchScreen.storyboard */,
			);
			path = SupportingFiles;
			sourceTree = "<group>";
		};
		7683894629AB829000D308CA /* Model */ = {
			isa = PBXGroup;
			children = (
				7683896D29AB92B500D308CA /* AuthorDetails.swift */,
				7683895D29AB8E9C00D308CA /* Genre.swift */,
				7683896F29AB941B00D308CA /* ListResult.swift */,
				7683895F29AB8FB300D308CA /* Movie.swift */,
				7683895329AB845D00D308CA /* MovieList.swift */,
				7683896B29AB929E00D308CA /* MovieResult.swift */,
				7683896929AB928E00D308CA /* MovieReviews.swift */,
				7683897529ABECE000D308CA /* MovieVideos.swift */,
				7683896329AB8FD800D308CA /* ProductionCompany.swift */,
				7683896529AB8FF200D308CA /* ProductionCountry.swift */,
				7683896129AB8FC500D308CA /* SpokenLanguage.swift */,
				7683897729ABECEF00D308CA /* VideoResult.swift */,
			);
			path = Model;
			sourceTree = "<group>";
		};
		7683894729AB829F00D308CA /* Service */ = {
			isa = PBXGroup;
			children = (
				7683895B29AB8DA900D308CA /* MovieProvider.swift */,
				7683896729AB918D00D308CA /* MovieService.swift */,
			);
			path = Service;
			sourceTree = "<group>";
		};
		7683894829AB82A600D308CA /* Helper */ = {
			isa = PBXGroup;
			children = (
				7683895929AB861600D308CA /* ErrorCase.swift */,
			);
			path = Helper;
			sourceTree = "<group>";
		};
		7683894929AB82D600D308CA /* MovieList */ = {
			isa = PBXGroup;
			children = (
				7683897129ABA7FC00D308CA /* MovieListCell.swift */,
				7683894B29AB831E00D308CA /* MovieListViewController.swift */,
				7683894D29AB832600D308CA /* MovieListViewModel.swift */,
			);
			path = MovieList;
			sourceTree = "<group>";
		};
		7683894A29AB82DC00D308CA /* MovieDetail */ = {
			isa = PBXGroup;
			children = (
				7683894F29AB839C00D308CA /* MovieDetailViewController.swift */,
				7683895129AB83EA00D308CA /* MovieDetailViewModel.swift */,
				7683897329ABD72400D308CA /* ReviewCell.swift */,
			);
			path = MovieDetail;
			sourceTree = "<group>";
		};
		DF138EC09E69B87A11199A13 /* Frameworks */ = {
			isa = PBXGroup;
			children = (
				C5A02357D4F04EA3C4EFB6CB /* Pods_MovieDB.framework */,
				A107C8285ACCE70D8ABAF42E /* Pods_MovieDB_MovieDBUITests.framework */,
				E5A40991CB3F31C94C1E1A58 /* Pods_MovieDBTests.framework */,
			);
			name = Frameworks;
			sourceTree = "<group>";
		};
		E12DEA8DFC64C59410BD626F /* Pods */ = {
			isa = PBXGroup;
			children = (
				BA1155EFB3614B3456D9D8E9 /* Pods-MovieDB.debug.xcconfig */,
				9BEB9D7FA0CD578F316001C6 /* Pods-MovieDB.release.xcconfig */,
				E533DA49D1337D59AA42B281 /* Pods-MovieDB-MovieDBUITests.debug.xcconfig */,
				46583DC3D322A09DA4EEF1AA /* Pods-MovieDB-MovieDBUITests.release.xcconfig */,
				841E01167DE51ABD28D09C0D /* Pods-MovieDBTests.debug.xcconfig */,
				8F57EB1DCB358CACA17AE619 /* Pods-MovieDBTests.release.xcconfig */,
			);
			path = Pods;
			sourceTree = "<group>";
		};
/* End PBXGroup section */

/* Begin PBXNativeTarget section */
		764B13F729AA689C00A349FA /* MovieDB */ = {
			isa = PBXNativeTarget;
			buildConfigurationList = 764B142229AA689E00A349FA /* Build configuration list for PBXNativeTarget "MovieDB" */;
			buildPhases = (
				F897B32AF6DEAC9BD9FD511C /* [CP] Check Pods Manifest.lock */,
				764B13F429AA689C00A349FA /* Sources */,
				764B13F529AA689C00A349FA /* Frameworks */,
				764B13F629AA689C00A349FA /* Resources */,
				CA24F7170999423532EADFF6 /* [CP] Embed Pods Frameworks */,
			);
			buildRules = (
			);
			dependencies = (
			);
			name = MovieDB;
			productName = MovieDB;
			productReference = 764B13F829AA689C00A349FA /* MovieDB.app */;
			productType = "com.apple.product-type.application";
		};
		764B140D29AA689E00A349FA /* MovieDBTests */ = {
			isa = PBXNativeTarget;
			buildConfigurationList = 764B142529AA689E00A349FA /* Build configuration list for PBXNativeTarget "MovieDBTests" */;
			buildPhases = (
				D95419D37CC8022A6302970A /* [CP] Check Pods Manifest.lock */,
				764B140A29AA689E00A349FA /* Sources */,
				764B140B29AA689E00A349FA /* Frameworks */,
				764B140C29AA689E00A349FA /* Resources */,
				39B44B82FC30D8DFA0C12AFD /* [CP] Embed Pods Frameworks */,
			);
			buildRules = (
			);
			dependencies = (
				764B141029AA689E00A349FA /* PBXTargetDependency */,
			);
			name = MovieDBTests;
			productName = MovieDBTests;
			productReference = 764B140E29AA689E00A349FA /* MovieDBTests.xctest */;
			productType = "com.apple.product-type.bundle.unit-test";
		};
		764B141729AA689E00A349FA /* MovieDBUITests */ = {
			isa = PBXNativeTarget;
			buildConfigurationList = 764B142829AA689E00A349FA /* Build configuration list for PBXNativeTarget "MovieDBUITests" */;
			buildPhases = (
				5CC443451C68F9DBD3ACD6FD /* [CP] Check Pods Manifest.lock */,
				764B141429AA689E00A349FA /* Sources */,
				764B141529AA689E00A349FA /* Frameworks */,
				764B141629AA689E00A349FA /* Resources */,
				FC0AD2432A54AEF42939A251 /* [CP] Embed Pods Frameworks */,
			);
			buildRules = (
			);
			dependencies = (
				764B141A29AA689E00A349FA /* PBXTargetDependency */,
			);
			name = MovieDBUITests;
			productName = MovieDBUITests;
			productReference = 764B141829AA689E00A349FA /* MovieDBUITests.xctest */;
			productType = "com.apple.product-type.bundle.ui-testing";
		};
/* End PBXNativeTarget section */

/* Begin PBXProject section */
		764B13F029AA689C00A349FA /* Project object */ = {
			isa = PBXProject;
			attributes = {
				BuildIndependentTargetsInParallel = 1;
				LastSwiftUpdateCheck = 1420;
				LastUpgradeCheck = 1420;
				TargetAttributes = {
					764B13F729AA689C00A349FA = {
						CreatedOnToolsVersion = 14.2;
					};
					764B140D29AA689E00A349FA = {
						CreatedOnToolsVersion = 14.2;
						TestTargetID = 764B13F729AA689C00A349FA;
					};
					764B141729AA689E00A349FA = {
						CreatedOnToolsVersion = 14.2;
						TestTargetID = 764B13F729AA689C00A349FA;
					};
				};
			};
			buildConfigurationList = 764B13F329AA689C00A349FA /* Build configuration list for PBXProject "MovieDB" */;
			compatibilityVersion = "Xcode 14.0";
			developmentRegion = en;
			hasScannedForEncodings = 0;
			knownRegions = (
				en,
				Base,
			);
			mainGroup = 764B13EF29AA689C00A349FA;
			productRefGroup = 764B13F929AA689C00A349FA /* Products */;
			projectDirPath = "";
			projectRoot = "";
			targets = (
				764B13F729AA689C00A349FA /* MovieDB */,
				764B140D29AA689E00A349FA /* MovieDBTests */,
				764B141729AA689E00A349FA /* MovieDBUITests */,
			);
		};
/* End PBXProject section */

/* Begin PBXResourcesBuildPhase section */
		764B13F629AA689C00A349FA /* Resources */ = {
			isa = PBXResourcesBuildPhase;
			buildActionMask = 2147483647;
			files = (
				764B140829AA689D00A349FA /* LaunchScreen.storyboard in Resources */,
				764B140529AA689D00A349FA /* Assets.xcassets in Resources */,
			);
			runOnlyForDeploymentPostprocessing = 0;
		};
		764B140C29AA689E00A349FA /* Resources */ = {
			isa = PBXResourcesBuildPhase;
			buildActionMask = 2147483647;
			files = (
			);
			runOnlyForDeploymentPostprocessing = 0;
		};
		764B141629AA689E00A349FA /* Resources */ = {
			isa = PBXResourcesBuildPhase;
			buildActionMask = 2147483647;
			files = (
			);
			runOnlyForDeploymentPostprocessing = 0;
		};
/* End PBXResourcesBuildPhase section */

/* Begin PBXShellScriptBuildPhase section */
		39B44B82FC30D8DFA0C12AFD /* [CP] Embed Pods Frameworks */ = {
			isa = PBXShellScriptBuildPhase;
			buildActionMask = 2147483647;
			files = (
			);
			inputFileListPaths = (
				"${PODS_ROOT}/Target Support Files/Pods-MovieDBTests/Pods-MovieDBTests-frameworks-${CONFIGURATION}-input-files.xcfilelist",
			);
			name = "[CP] Embed Pods Frameworks";
			outputFileListPaths = (
				"${PODS_ROOT}/Target Support Files/Pods-MovieDBTests/Pods-MovieDBTests-frameworks-${CONFIGURATION}-output-files.xcfilelist",
			);
			runOnlyForDeploymentPostprocessing = 0;
			shellPath = /bin/sh;
			shellScript = "\"${PODS_ROOT}/Target Support Files/Pods-MovieDBTests/Pods-MovieDBTests-frameworks.sh\"\n";
			showEnvVarsInLog = 0;
		};
		5CC443451C68F9DBD3ACD6FD /* [CP] Check Pods Manifest.lock */ = {
			isa = PBXShellScriptBuildPhase;
			buildActionMask = 2147483647;
			files = (
			);
			inputFileListPaths = (
			);
			inputPaths = (
				"${PODS_PODFILE_DIR_PATH}/Podfile.lock",
				"${PODS_ROOT}/Manifest.lock",
			);
			name = "[CP] Check Pods Manifest.lock";
			outputFileListPaths = (
			);
			outputPaths = (
				"$(DERIVED_FILE_DIR)/Pods-MovieDB-MovieDBUITests-checkManifestLockResult.txt",
			);
			runOnlyForDeploymentPostprocessing = 0;
			shellPath = /bin/sh;
			shellScript = "diff \"${PODS_PODFILE_DIR_PATH}/Podfile.lock\" \"${PODS_ROOT}/Manifest.lock\" > /dev/null\nif [ $? != 0 ] ; then\n    # print error to STDERR\n    echo \"error: The sandbox is not in sync with the Podfile.lock. Run 'pod install' or update your CocoaPods installation.\" >&2\n    exit 1\nfi\n# This output is used by Xcode 'outputs' to avoid re-running this script phase.\necho \"SUCCESS\" > \"${SCRIPT_OUTPUT_FILE_0}\"\n";
			showEnvVarsInLog = 0;
		};
		CA24F7170999423532EADFF6 /* [CP] Embed Pods Frameworks */ = {
			isa = PBXShellScriptBuildPhase;
			buildActionMask = 2147483647;
			files = (
			);
			inputFileListPaths = (
				"${PODS_ROOT}/Target Support Files/Pods-MovieDB/Pods-MovieDB-frameworks-${CONFIGURATION}-input-files.xcfilelist",
			);
			name = "[CP] Embed Pods Frameworks";
			outputFileListPaths = (
				"${PODS_ROOT}/Target Support Files/Pods-MovieDB/Pods-MovieDB-frameworks-${CONFIGURATION}-output-files.xcfilelist",
			);
			runOnlyForDeploymentPostprocessing = 0;
			shellPath = /bin/sh;
			shellScript = "\"${PODS_ROOT}/Target Support Files/Pods-MovieDB/Pods-MovieDB-frameworks.sh\"\n";
			showEnvVarsInLog = 0;
		};
		D95419D37CC8022A6302970A /* [CP] Check Pods Manifest.lock */ = {
			isa = PBXShellScriptBuildPhase;
			buildActionMask = 2147483647;
			files = (
			);
			inputFileListPaths = (
			);
			inputPaths = (
				"${PODS_PODFILE_DIR_PATH}/Podfile.lock",
				"${PODS_ROOT}/Manifest.lock",
			);
			name = "[CP] Check Pods Manifest.lock";
			outputFileListPaths = (
			);
			outputPaths = (
				"$(DERIVED_FILE_DIR)/Pods-MovieDBTests-checkManifestLockResult.txt",
			);
			runOnlyForDeploymentPostprocessing = 0;
			shellPath = /bin/sh;
			shellScript = "diff \"${PODS_PODFILE_DIR_PATH}/Podfile.lock\" \"${PODS_ROOT}/Manifest.lock\" > /dev/null\nif [ $? != 0 ] ; then\n    # print error to STDERR\n    echo \"error: The sandbox is not in sync with the Podfile.lock. Run 'pod install' or update your CocoaPods installation.\" >&2\n    exit 1\nfi\n# This output is used by Xcode 'outputs' to avoid re-running this script phase.\necho \"SUCCESS\" > \"${SCRIPT_OUTPUT_FILE_0}\"\n";
			showEnvVarsInLog = 0;
		};
		F897B32AF6DEAC9BD9FD511C /* [CP] Check Pods Manifest.lock */ = {
			isa = PBXShellScriptBuildPhase;
			buildActionMask = 2147483647;
			files = (
			);
			inputFileListPaths = (
			);
			inputPaths = (
				"${PODS_PODFILE_DIR_PATH}/Podfile.lock",
				"${PODS_ROOT}/Manifest.lock",
			);
			name = "[CP] Check Pods Manifest.lock";
			outputFileListPaths = (
			);
			outputPaths = (
				"$(DERIVED_FILE_DIR)/Pods-MovieDB-checkManifestLockResult.txt",
			);
			runOnlyForDeploymentPostprocessing = 0;
			shellPath = /bin/sh;
			shellScript = "diff \"${PODS_PODFILE_DIR_PATH}/Podfile.lock\" \"${PODS_ROOT}/Manifest.lock\" > /dev/null\nif [ $? != 0 ] ; then\n    # print error to STDERR\n    echo \"error: The sandbox is not in sync with the Podfile.lock. Run 'pod install' or update your CocoaPods installation.\" >&2\n    exit 1\nfi\n# This output is used by Xcode 'outputs' to avoid re-running this script phase.\necho \"SUCCESS\" > \"${SCRIPT_OUTPUT_FILE_0}\"\n";
			showEnvVarsInLog = 0;
		};
		FC0AD2432A54AEF42939A251 /* [CP] Embed Pods Frameworks */ = {
			isa = PBXShellScriptBuildPhase;
			buildActionMask = 2147483647;
			files = (
			);
			inputFileListPaths = (
				"${PODS_ROOT}/Target Support Files/Pods-MovieDB-MovieDBUITests/Pods-MovieDB-MovieDBUITests-frameworks-${CONFIGURATION}-input-files.xcfilelist",
			);
			name = "[CP] Embed Pods Frameworks";
			outputFileListPaths = (
				"${PODS_ROOT}/Target Support Files/Pods-MovieDB-MovieDBUITests/Pods-MovieDB-MovieDBUITests-frameworks-${CONFIGURATION}-output-files.xcfilelist",
			);
			runOnlyForDeploymentPostprocessing = 0;
			shellPath = /bin/sh;
			shellScript = "\"${PODS_ROOT}/Target Support Files/Pods-MovieDB-MovieDBUITests/Pods-MovieDB-MovieDBUITests-frameworks.sh\"\n";
			showEnvVarsInLog = 0;
		};
/* End PBXShellScriptBuildPhase section */

/* Begin PBXSourcesBuildPhase section */
		764B13F429AA689C00A349FA /* Sources */ = {
			isa = PBXSourcesBuildPhase;
			buildActionMask = 2147483647;
			files = (
				7683896229AB8FC500D308CA /* SpokenLanguage.swift in Sources */,
				7683897029AB941B00D308CA /* ListResult.swift in Sources */,
				764B13FC29AA689C00A349FA /* AppDelegate.swift in Sources */,
				7683896A29AB928E00D308CA /* MovieReviews.swift in Sources */,
				7683896029AB8FB300D308CA /* Movie.swift in Sources */,
				764B13FE29AA689C00A349FA /* SceneDelegate.swift in Sources */,
				7683897829ABECEF00D308CA /* VideoResult.swift in Sources */,
				7683894C29AB831E00D308CA /* MovieListViewController.swift in Sources */,
				7683895029AB839C00D308CA /* MovieDetailViewController.swift in Sources */,
				7683895A29AB861600D308CA /* ErrorCase.swift in Sources */,
				7683896429AB8FD800D308CA /* ProductionCompany.swift in Sources */,
				7683897229ABA7FC00D308CA /* MovieListCell.swift in Sources */,
				7683895229AB83EA00D308CA /* MovieDetailViewModel.swift in Sources */,
				7683897629ABECE000D308CA /* MovieVideos.swift in Sources */,
				7683896629AB8FF200D308CA /* ProductionCountry.swift in Sources */,
				7683897429ABD72400D308CA /* ReviewCell.swift in Sources */,
				7683895C29AB8DA900D308CA /* MovieProvider.swift in Sources */,
				7683896C29AB929E00D308CA /* MovieResult.swift in Sources */,
				7683896E29AB92B500D308CA /* AuthorDetails.swift in Sources */,
				7683895E29AB8E9C00D308CA /* Genre.swift in Sources */,
				7683895429AB845D00D308CA /* MovieList.swift in Sources */,
				7683896829AB918D00D308CA /* MovieService.swift in Sources */,
				7683894E29AB832600D308CA /* MovieListViewModel.swift in Sources */,
			);
			runOnlyForDeploymentPostprocessing = 0;
		};
		764B140A29AA689E00A349FA /* Sources */ = {
			isa = PBXSourcesBuildPhase;
			buildActionMask = 2147483647;
			files = (
				764B141329AA689E00A349FA /* MovieDBTests.swift in Sources */,
			);
			runOnlyForDeploymentPostprocessing = 0;
		};
		764B141429AA689E00A349FA /* Sources */ = {
			isa = PBXSourcesBuildPhase;
			buildActionMask = 2147483647;
			files = (
				764B141D29AA689E00A349FA /* MovieDBUITests.swift in Sources */,
				764B141F29AA689E00A349FA /* MovieDBUITestsLaunchTests.swift in Sources */,
			);
			runOnlyForDeploymentPostprocessing = 0;
		};
/* End PBXSourcesBuildPhase section */

/* Begin PBXTargetDependency section */
		764B141029AA689E00A349FA /* PBXTargetDependency */ = {
			isa = PBXTargetDependency;
			target = 764B13F729AA689C00A349FA /* MovieDB */;
			targetProxy = 764B140F29AA689E00A349FA /* PBXContainerItemProxy */;
		};
		764B141A29AA689E00A349FA /* PBXTargetDependency */ = {
			isa = PBXTargetDependency;
			target = 764B13F729AA689C00A349FA /* MovieDB */;
			targetProxy = 764B141929AA689E00A349FA /* PBXContainerItemProxy */;
		};
/* End PBXTargetDependency section */

/* Begin PBXVariantGroup section */
		764B140629AA689D00A349FA /* LaunchScreen.storyboard */ = {
			isa = PBXVariantGroup;
			children = (
				764B140729AA689D00A349FA /* Base */,
			);
			name = LaunchScreen.storyboard;
			sourceTree = "<group>";
		};
/* End PBXVariantGroup section */

/* Begin XCBuildConfiguration section */
		764B142029AA689E00A349FA /* Debug */ = {
			isa = XCBuildConfiguration;
			buildSettings = {
				ALWAYS_SEARCH_USER_PATHS = NO;
				CLANG_ANALYZER_NONNULL = YES;
				CLANG_ANALYZER_NUMBER_OBJECT_CONVERSION = YES_AGGRESSIVE;
				CLANG_CXX_LANGUAGE_STANDARD = "gnu++20";
				CLANG_ENABLE_MODULES = YES;
				CLANG_ENABLE_OBJC_ARC = YES;
				CLANG_ENABLE_OBJC_WEAK = YES;
				CLANG_WARN_BLOCK_CAPTURE_AUTORELEASING = YES;
				CLANG_WARN_BOOL_CONVERSION = YES;
				CLANG_WARN_COMMA = YES;
				CLANG_WARN_CONSTANT_CONVERSION = YES;
				CLANG_WARN_DEPRECATED_OBJC_IMPLEMENTATIONS = YES;
				CLANG_WARN_DIRECT_OBJC_ISA_USAGE = YES_ERROR;
				CLANG_WARN_DOCUMENTATION_COMMENTS = YES;
				CLANG_WARN_EMPTY_BODY = YES;
				CLANG_WARN_ENUM_CONVERSION = YES;
				CLANG_WARN_INFINITE_RECURSION = YES;
				CLANG_WARN_INT_CONVERSION = YES;
				CLANG_WARN_NON_LITERAL_NULL_CONVERSION = YES;
				CLANG_WARN_OBJC_IMPLICIT_RETAIN_SELF = YES;
				CLANG_WARN_OBJC_LITERAL_CONVERSION = YES;
				CLANG_WARN_OBJC_ROOT_CLASS = YES_ERROR;
				CLANG_WARN_QUOTED_INCLUDE_IN_FRAMEWORK_HEADER = YES;
				CLANG_WARN_RANGE_LOOP_ANALYSIS = YES;
				CLANG_WARN_STRICT_PROTOTYPES = YES;
				CLANG_WARN_SUSPICIOUS_MOVE = YES;
				CLANG_WARN_UNGUARDED_AVAILABILITY = YES_AGGRESSIVE;
				CLANG_WARN_UNREACHABLE_CODE = YES;
				CLANG_WARN__DUPLICATE_METHOD_MATCH = YES;
				COPY_PHASE_STRIP = NO;
				DEBUG_INFORMATION_FORMAT = dwarf;
				ENABLE_STRICT_OBJC_MSGSEND = YES;
				ENABLE_TESTABILITY = YES;
				GCC_C_LANGUAGE_STANDARD = gnu11;
				GCC_DYNAMIC_NO_PIC = NO;
				GCC_NO_COMMON_BLOCKS = YES;
				GCC_OPTIMIZATION_LEVEL = 0;
				GCC_PREPROCESSOR_DEFINITIONS = (
					"DEBUG=1",
					"$(inherited)",
				);
				GCC_WARN_64_TO_32_BIT_CONVERSION = YES;
				GCC_WARN_ABOUT_RETURN_TYPE = YES_ERROR;
				GCC_WARN_UNDECLARED_SELECTOR = YES;
				GCC_WARN_UNINITIALIZED_AUTOS = YES_AGGRESSIVE;
				GCC_WARN_UNUSED_FUNCTION = YES;
				GCC_WARN_UNUSED_VARIABLE = YES;
				IPHONEOS_DEPLOYMENT_TARGET = 16.2;
				MTL_ENABLE_DEBUG_INFO = INCLUDE_SOURCE;
				MTL_FAST_MATH = YES;
				ONLY_ACTIVE_ARCH = YES;
				SDKROOT = iphoneos;
				SWIFT_ACTIVE_COMPILATION_CONDITIONS = DEBUG;
				SWIFT_OPTIMIZATION_LEVEL = "-Onone";
			};
			name = Debug;
		};
		764B142129AA689E00A349FA /* Release */ = {
			isa = XCBuildConfiguration;
			buildSettings = {
				ALWAYS_SEARCH_USER_PATHS = NO;
				CLANG_ANALYZER_NONNULL = YES;
				CLANG_ANALYZER_NUMBER_OBJECT_CONVERSION = YES_AGGRESSIVE;
				CLANG_CXX_LANGUAGE_STANDARD = "gnu++20";
				CLANG_ENABLE_MODULES = YES;
				CLANG_ENABLE_OBJC_ARC = YES;
				CLANG_ENABLE_OBJC_WEAK = YES;
				CLANG_WARN_BLOCK_CAPTURE_AUTORELEASING = YES;
				CLANG_WARN_BOOL_CONVERSION = YES;
				CLANG_WARN_COMMA = YES;
				CLANG_WARN_CONSTANT_CONVERSION = YES;
				CLANG_WARN_DEPRECATED_OBJC_IMPLEMENTATIONS = YES;
				CLANG_WARN_DIRECT_OBJC_ISA_USAGE = YES_ERROR;
				CLANG_WARN_DOCUMENTATION_COMMENTS = YES;
				CLANG_WARN_EMPTY_BODY = YES;
				CLANG_WARN_ENUM_CONVERSION = YES;
				CLANG_WARN_INFINITE_RECURSION = YES;
				CLANG_WARN_INT_CONVERSION = YES;
				CLANG_WARN_NON_LITERAL_NULL_CONVERSION = YES;
				CLANG_WARN_OBJC_IMPLICIT_RETAIN_SELF = YES;
				CLANG_WARN_OBJC_LITERAL_CONVERSION = YES;
				CLANG_WARN_OBJC_ROOT_CLASS = YES_ERROR;
				CLANG_WARN_QUOTED_INCLUDE_IN_FRAMEWORK_HEADER = YES;
				CLANG_WARN_RANGE_LOOP_ANALYSIS = YES;
				CLANG_WARN_STRICT_PROTOTYPES = YES;
				CLANG_WARN_SUSPICIOUS_MOVE = YES;
				CLANG_WARN_UNGUARDED_AVAILABILITY = YES_AGGRESSIVE;
				CLANG_WARN_UNREACHABLE_CODE = YES;
				CLANG_WARN__DUPLICATE_METHOD_MATCH = YES;
				COPY_PHASE_STRIP = NO;
				DEBUG_INFORMATION_FORMAT = "dwarf-with-dsym";
				ENABLE_NS_ASSERTIONS = NO;
				ENABLE_STRICT_OBJC_MSGSEND = YES;
				GCC_C_LANGUAGE_STANDARD = gnu11;
				GCC_NO_COMMON_BLOCKS = YES;
				GCC_WARN_64_TO_32_BIT_CONVERSION = YES;
				GCC_WARN_ABOUT_RETURN_TYPE = YES_ERROR;
				GCC_WARN_UNDECLARED_SELECTOR = YES;
				GCC_WARN_UNINITIALIZED_AUTOS = YES_AGGRESSIVE;
				GCC_WARN_UNUSED_FUNCTION = YES;
				GCC_WARN_UNUSED_VARIABLE = YES;
				IPHONEOS_DEPLOYMENT_TARGET = 16.2;
				MTL_ENABLE_DEBUG_INFO = NO;
				MTL_FAST_MATH = YES;
				SDKROOT = iphoneos;
				SWIFT_COMPILATION_MODE = wholemodule;
				SWIFT_OPTIMIZATION_LEVEL = "-O";
				VALIDATE_PRODUCT = YES;
			};
			name = Release;
		};
		764B142329AA689E00A349FA /* Debug */ = {
			isa = XCBuildConfiguration;
			baseConfigurationReference = BA1155EFB3614B3456D9D8E9 /* Pods-MovieDB.debug.xcconfig */;
			buildSettings = {
				ASSETCATALOG_COMPILER_APPICON_NAME = AppIcon;
				ASSETCATALOG_COMPILER_GLOBAL_ACCENT_COLOR_NAME = AccentColor;
				CODE_SIGN_STYLE = Automatic;
				CURRENT_PROJECT_VERSION = 1;
				DEVELOPMENT_TEAM = 77F35BPUBS;
				GENERATE_INFOPLIST_FILE = YES;
				INFOPLIST_FILE = MovieDB/Info.plist;
				INFOPLIST_KEY_UIApplicationSupportsIndirectInputEvents = YES;
				INFOPLIST_KEY_UILaunchStoryboardName = LaunchScreen;
				INFOPLIST_KEY_UISupportedInterfaceOrientations = UIInterfaceOrientationPortrait;
				INFOPLIST_KEY_UISupportedInterfaceOrientations_iPad = "UIInterfaceOrientationLandscapeLeft UIInterfaceOrientationLandscapeRight UIInterfaceOrientationPortrait UIInterfaceOrientationPortraitUpsideDown";
				IPHONEOS_DEPLOYMENT_TARGET = 13.0;
				LD_RUNPATH_SEARCH_PATHS = (
					"$(inherited)",
					"@executable_path/Frameworks",
				);
				MARKETING_VERSION = 1.0;
				PRODUCT_BUNDLE_IDENTIFIER = com.rayo.MovieDB;
				PRODUCT_NAME = "$(TARGET_NAME)";
				SUPPORTED_PLATFORMS = "iphoneos iphonesimulator";
				SUPPORTS_MACCATALYST = NO;
				SUPPORTS_MAC_DESIGNED_FOR_IPHONE_IPAD = NO;
				SWIFT_EMIT_LOC_STRINGS = YES;
				SWIFT_VERSION = 5.0;
				TARGETED_DEVICE_FAMILY = 1;
			};
			name = Debug;
		};
		764B142429AA689E00A349FA /* Release */ = {
			isa = XCBuildConfiguration;
			baseConfigurationReference = 9BEB9D7FA0CD578F316001C6 /* Pods-MovieDB.release.xcconfig */;
			buildSettings = {
				ASSETCATALOG_COMPILER_APPICON_NAME = AppIcon;
				ASSETCATALOG_COMPILER_GLOBAL_ACCENT_COLOR_NAME = AccentColor;
				CODE_SIGN_STYLE = Automatic;
				CURRENT_PROJECT_VERSION = 1;
				DEVELOPMENT_TEAM = 77F35BPUBS;
				GENERATE_INFOPLIST_FILE = YES;
				INFOPLIST_FILE = MovieDB/Info.plist;
				INFOPLIST_KEY_UIApplicationSupportsIndirectInputEvents = YES;
				INFOPLIST_KEY_UILaunchStoryboardName = LaunchScreen;
				INFOPLIST_KEY_UISupportedInterfaceOrientations = UIInterfaceOrientationPortrait;
				INFOPLIST_KEY_UISupportedInterfaceOrientations_iPad = "UIInterfaceOrientationLandscapeLeft UIInterfaceOrientationLandscapeRight UIInterfaceOrientationPortrait UIInterfaceOrientationPortraitUpsideDown";
				IPHONEOS_DEPLOYMENT_TARGET = 13.0;
				LD_RUNPATH_SEARCH_PATHS = (
					"$(inherited)",
					"@executable_path/Frameworks",
				);
				MARKETING_VERSION = 1.0;
				PRODUCT_BUNDLE_IDENTIFIER = com.rayo.MovieDB;
				PRODUCT_NAME = "$(TARGET_NAME)";
				SUPPORTED_PLATFORMS = "iphoneos iphonesimulator";
				SUPPORTS_MACCATALYST = NO;
				SUPPORTS_MAC_DESIGNED_FOR_IPHONE_IPAD = NO;
				SWIFT_EMIT_LOC_STRINGS = YES;
				SWIFT_VERSION = 5.0;
				TARGETED_DEVICE_FAMILY = 1;
			};
			name = Release;
		};
		764B142629AA689E00A349FA /* Debug */ = {
			isa = XCBuildConfiguration;
			baseConfigurationReference = 841E01167DE51ABD28D09C0D /* Pods-MovieDBTests.debug.xcconfig */;
			buildSettings = {
				ALWAYS_EMBED_SWIFT_STANDARD_LIBRARIES = YES;
				BUNDLE_LOADER = "$(TEST_HOST)";
				CODE_SIGN_STYLE = Automatic;
				CURRENT_PROJECT_VERSION = 1;
				DEVELOPMENT_TEAM = 77F35BPUBS;
				GENERATE_INFOPLIST_FILE = YES;
				IPHONEOS_DEPLOYMENT_TARGET = 16.2;
				MARKETING_VERSION = 1.0;
				PRODUCT_BUNDLE_IDENTIFIER = com.rayo.MovieDBTests;
				PRODUCT_NAME = "$(TARGET_NAME)";
				SWIFT_EMIT_LOC_STRINGS = NO;
				SWIFT_VERSION = 5.0;
				TARGETED_DEVICE_FAMILY = "1,2";
				TEST_HOST = "$(BUILT_PRODUCTS_DIR)/MovieDB.app/$(BUNDLE_EXECUTABLE_FOLDER_PATH)/MovieDB";
			};
			name = Debug;
		};
		764B142729AA689E00A349FA /* Release */ = {
			isa = XCBuildConfiguration;
			baseConfigurationReference = 8F57EB1DCB358CACA17AE619 /* Pods-MovieDBTests.release.xcconfig */;
			buildSettings = {
				ALWAYS_EMBED_SWIFT_STANDARD_LIBRARIES = YES;
				BUNDLE_LOADER = "$(TEST_HOST)";
				CODE_SIGN_STYLE = Automatic;
				CURRENT_PROJECT_VERSION = 1;
				DEVELOPMENT_TEAM = 77F35BPUBS;
				GENERATE_INFOPLIST_FILE = YES;
				IPHONEOS_DEPLOYMENT_TARGET = 16.2;
				MARKETING_VERSION = 1.0;
				PRODUCT_BUNDLE_IDENTIFIER = com.rayo.MovieDBTests;
				PRODUCT_NAME = "$(TARGET_NAME)";
				SWIFT_EMIT_LOC_STRINGS = NO;
				SWIFT_VERSION = 5.0;
				TARGETED_DEVICE_FAMILY = "1,2";
				TEST_HOST = "$(BUILT_PRODUCTS_DIR)/MovieDB.app/$(BUNDLE_EXECUTABLE_FOLDER_PATH)/MovieDB";
			};
			name = Release;
		};
		764B142929AA689E00A349FA /* Debug */ = {
			isa = XCBuildConfiguration;
			baseConfigurationReference = E533DA49D1337D59AA42B281 /* Pods-MovieDB-MovieDBUITests.debug.xcconfig */;
			buildSettings = {
				ALWAYS_EMBED_SWIFT_STANDARD_LIBRARIES = YES;
				CODE_SIGN_STYLE = Automatic;
				CURRENT_PROJECT_VERSION = 1;
				DEVELOPMENT_TEAM = 77F35BPUBS;
				GENERATE_INFOPLIST_FILE = YES;
				MARKETING_VERSION = 1.0;
				PRODUCT_BUNDLE_IDENTIFIER = com.rayo.MovieDBUITests;
				PRODUCT_NAME = "$(TARGET_NAME)";
				SWIFT_EMIT_LOC_STRINGS = NO;
				SWIFT_VERSION = 5.0;
				TARGETED_DEVICE_FAMILY = "1,2";
				TEST_TARGET_NAME = MovieDB;
			};
			name = Debug;
		};
		764B142A29AA689E00A349FA /* Release */ = {
			isa = XCBuildConfiguration;
			baseConfigurationReference = 46583DC3D322A09DA4EEF1AA /* Pods-MovieDB-MovieDBUITests.release.xcconfig */;
			buildSettings = {
				ALWAYS_EMBED_SWIFT_STANDARD_LIBRARIES = YES;
				CODE_SIGN_STYLE = Automatic;
				CURRENT_PROJECT_VERSION = 1;
				DEVELOPMENT_TEAM = 77F35BPUBS;
				GENERATE_INFOPLIST_FILE = YES;
				MARKETING_VERSION = 1.0;
				PRODUCT_BUNDLE_IDENTIFIER = com.rayo.MovieDBUITests;
				PRODUCT_NAME = "$(TARGET_NAME)";
				SWIFT_EMIT_LOC_STRINGS = NO;
				SWIFT_VERSION = 5.0;
				TARGETED_DEVICE_FAMILY = "1,2";
				TEST_TARGET_NAME = MovieDB;
			};
			name = Release;
		};
/* End XCBuildConfiguration section */

/* Begin XCConfigurationList section */
		764B13F329AA689C00A349FA /* Build configuration list for PBXProject "MovieDB" */ = {
			isa = XCConfigurationList;
			buildConfigurations = (
				764B142029AA689E00A349FA /* Debug */,
				764B142129AA689E00A349FA /* Release */,
			);
			defaultConfigurationIsVisible = 0;
			defaultConfigurationName = Release;
		};
		764B142229AA689E00A349FA /* Build configuration list for PBXNativeTarget "MovieDB" */ = {
			isa = XCConfigurationList;
			buildConfigurations = (
				764B142329AA689E00A349FA /* Debug */,
				764B142429AA689E00A349FA /* Release */,
			);
			defaultConfigurationIsVisible = 0;
			defaultConfigurationName = Release;
		};
		764B142529AA689E00A349FA /* Build configuration list for PBXNativeTarget "MovieDBTests" */ = {
			isa = XCConfigurationList;
			buildConfigurations = (
				764B142629AA689E00A349FA /* Debug */,
				764B142729AA689E00A349FA /* Release */,
			);
			defaultConfigurationIsVisible = 0;
			defaultConfigurationName = Release;
		};
		764B142829AA689E00A349FA /* Build configuration list for PBXNativeTarget "MovieDBUITests" */ = {
			isa = XCConfigurationList;
			buildConfigurations = (
				764B142929AA689E00A349FA /* Debug */,
				764B142A29AA689E00A349FA /* Release */,
			);
			defaultConfigurationIsVisible = 0;
			defaultConfigurationName = Release;
		};
/* End XCConfigurationList section */
	};
	rootObject = 764B13F029AA689C00A349FA /* Project object */;
}
